{
    "_readme": [
        "This file locks the dependencies of your project to a known state",
        "Read more about it at https://getcomposer.org/doc/01-basic-usage.md#composer-lock-the-lock-file",
        "This file is @generated automatically"
    ],
    "content-hash": "8041b3a9f2671338b9f6886b4dfa16af",
    "packages": [
        {
            "name": "youshido/graphql",
            "version": "v1.5.3",
            "source": {
                "type": "git",
                "url": "https://github.com/Youshido/GraphQL.git",
                "reference": "e941e8f208e780b529948fa10c502bc59c9fa644"
            },
            "dist": {
                "type": "zip",
                "url": "https://api.github.com/repos/Youshido/GraphQL/zipball/e941e8f208e780b529948fa10c502bc59c9fa644",
                "reference": "e941e8f208e780b529948fa10c502bc59c9fa644",
                "shasum": ""
            },
            "require": {
                "php": ">=5.5,<8.0-DEV"
            },
            "require-dev": {
                "phpunit/phpunit": "^4.8"
            },
            "type": "library",
            "autoload": {
                "psr-4": {
                    "Youshido\\GraphQL\\": "src"
                }
            },
            "notification-url": "https://packagist.org/downloads/",
            "license": [
                "MIT"
            ],
            "authors": [
                {
                    "name": "Alexandr Viniychuk",
                    "email": "a@viniychuk.com"
                },
                {
                    "name": "Portey Vasil",
                    "email": "portey@gmail.com"
                }
            ],
            "description": "Pure PHP GraphQL",
            "time": "2018-01-16T15:26:05+00:00"
        }
    ],
    "packages-dev": [
        {
            "name": "squizlabs/php_codesniffer",
            "version": "3.2.3",
            "source": {
                "type": "git",
                "url": "https://github.com/squizlabs/PHP_CodeSniffer.git",
                "reference": "4842476c434e375f9d3182ff7b89059583aa8b27"
            },
            "dist": {
                "type": "zip",
                "url": "https://api.github.com/repos/squizlabs/PHP_CodeSniffer/zipball/4842476c434e375f9d3182ff7b89059583aa8b27",
                "reference": "4842476c434e375f9d3182ff7b89059583aa8b27",
                "shasum": ""
            },
            "require": {
                "ext-simplexml": "*",
                "ext-tokenizer": "*",
                "ext-xmlwriter": "*",
                "php": ">=5.4.0"
            },
            "require-dev": {
                "phpunit/phpunit": "^4.0 || ^5.0 || ^6.0 || ^7.0"
            },
            "bin": [
                "bin/phpcs",
                "bin/phpcbf"
            ],
            "type": "library",
            "extra": {
                "branch-alias": {
                    "dev-master": "3.x-dev"
                }
            },
            "notification-url": "https://packagist.org/downloads/",
            "license": [
                "BSD-3-Clause"
            ],
            "authors": [
                {
                    "name": "Greg Sherwood",
                    "role": "lead"
                }
            ],
            "description": "PHP_CodeSniffer tokenizes PHP, JavaScript and CSS files and detects violations of a defined set of coding standards.",
            "homepage": "http://www.squizlabs.com/php-codesniffer",
            "keywords": [
                "phpcs",
                "standards"
            ],
            "time": "2018-02-20T21:35:23+00:00"
        }
    ],
    "aliases": [],
    "minimum-stability": "stable",
    "stability-flags": [],
    "prefer-stable": false,
    "prefer-lowest": false,
    "platform": [],
    "platform-dev": []
}
